{
  "lockfile_version": "1",
  "packages": {
    "bun@latest": {
      "last_modified": "2026-03-27T11:17:38Z",
      "resolved": "github:NixOS/nixpkgs/832efc09b4caf6b4569fbf9dc01bec3082a00611#bun",
      "source": "devbox-search",
      "version": "1.3.11",
      "systems": {
        "aarch64-darwin": {
          "outputs": [
            {
              "name": "out",
              "path": "/nix/store/cgzjp11cgzg8n349rqmbqz46izm2kl2k-bun-1.3.11",
              "default": true
            }
          ],
          "store_path": "/nix/store/cgzjp11cgzg8n349rqmbqz46izm2kl2k-bun-1.3.11"
        },
        "aarch64-linux": {
          "outputs": [
            {
              "name": "out",
              "path": "/nix/store/n24wmwy3slpa1z9d5x6hyw9s2r41xjxm-bun-1.3.11",
              "default": true
            }
          ],
          "store_path": "/nix/store/n24wmwy3slpa1z9d5x6hyw9s2r41xjxm-bun-1.3.11"
        },
        "x86_64-darwin": {
          "outputs": [
            {
              "name": "out",
              "path": "/nix/store/p03zpjl2i2f03pv7xd335cqv8w1qn6i8-bun-1.3.11",
              "default": true
            }
          ],
          "store_path": "/nix/store/p03zpjl2i2f03pv7xd335cqv8w1qn6i8-bun-1.3.11"
        },
        "x86_64-linux": {
          "outputs": [
            {
              "name": "out",
              "path": "/nix/store/4b7jvqsqywnsb273svingfmpqschkszi-bun-1.3.11",
              "default": true
            }
          ],
          "store_path": "/nix/store/4b7jvqsqywnsb273svingfmpqschkszi-bun-1.3.11"
        }
      }
    }
  }
}
